{"1.1.0",
[{<<"cowboy">>,
  {git,"https://github.com/ninenines/cowboy.git",
       {ref,"a7b06f2e138c0c03c2511ed9fe6803fc9ebf3401"}},
  0},
 {<<"cowlib">>,
  {git,"https://github.com/ninenines/cowlib",
       {ref,"b6381527831c5ebb74759e119a517b7d22d4b23a"}},
  1},
 {<<"dubboerl">>,
  {git,"https://github.com/apache/incubator-dubbo-erlang.git",
       {ref,"aea1facd9cf9cc7f9427329473662d8b5963e489"}},
  0},
 {<<"erlzk">>,
  {git,"https://github.com/huaban/erlzk.git",
       {ref,"aa7190ee2343ac1341cea3edc9b9eea36c591708"}},
  1},
 {<<"jiffy">>,{pkg,<<"jiffy">>,<<"0.15.1">>},1},
 {<<"observer_cli">>,
  {git,"https://github.com/zhongwencool/observer_cli.git",
       {ref,"4d5f96762bb525b4f857109c10a7d4d53af1a029"}},
  0},
 {<<"poolboy">>,
  {git,"https://github.com/devinus/poolboy.git",
       {ref,"3bb48a893ff5598f7c73731ac17545206d259fac"}},
  1},
 {<<"ranch">>,
  {git,"https://github.com/ninenines/ranch",
       {ref,"55c2a9d623454f372a15e99721a37093d8773b48"}},
  1},
 {<<"recon">>,
  {git,"https://github.com/ferd/recon.git",
       {ref,"fcc1a7db6d367234171ab24a3d1762f94e57ff22"}},
  0}]}.
[
{pkg_hash,[
 {<<"jiffy">>, <<"BE83B09388DA1A6C7E798207C9D6A1C4D71BB95FCC387D37D35861788F49AB97">>}]}
].
